name: typology-experiments
channels:
  - conda-forge
  - defaults
dependencies:
  - anyio=3.6.1=pyhd8ed1ab_1
  - argon2-cffi=21.3.0=pyhd8ed1ab_0
  - argon2-cffi-bindings=21.2.0=py39hb82d6ee_2
  - asttokens=2.0.8=pyhd8ed1ab_0
  - attrs=22.1.0=pyh71513ae_1
  - babel=2.10.3=pyhd8ed1ab_0
  - backcall=0.2.0=pyh9f0ad1d_0
  - backports=1.0=py_2
  - backports.functools_lru_cache=1.6.4=pyhd8ed1ab_0
  - beautifulsoup4=4.11.1=pyha770c72_0
  - black=21.12b0=pyhd8ed1ab_0
  - bleach=5.0.1=pyhd8ed1ab_0
  - boost-cpp=1.74.0=h54f0996_3
  - brotlipy=0.7.0=py39hb82d6ee_1004
  - bzip2=1.0.8=h8ffe710_4
  - ca-certificates=2022.6.15=h5b45459_0
  - cairo=1.16.0=hb19e0ff_1008
  - certifi=2022.6.15=pyhd8ed1ab_1
  - cffi=1.15.1=py39h0878f49_0
  - cfitsio=3.470=h0af3d06_7
  - charset-normalizer=2.1.1=pyhd8ed1ab_0
  - click=7.1.2=pyh9f0ad1d_0
  - click-plugins=1.1.1=py_0
  - cligj=0.7.2=pyhd8ed1ab_1
  - colorama=0.4.5=pyhd8ed1ab_0
  - cryptography=37.0.4=py39h7bc7c5c_0
  - curl=7.76.1=hf1763fc_1
  - dataclasses=0.8=pyhc8e2a94_3
  - debugpy=1.6.3=py39h415ef7b_0
  - decorator=5.1.1=pyhd8ed1ab_0
  - defusedxml=0.7.1=pyhd8ed1ab_0
  - entrypoints=0.4=pyhd8ed1ab_0
  - executing=1.0.0=pyhd8ed1ab_0
  - expat=2.4.8=h39d44d4_0
  - fiona=1.8.18=py39h9f1b043_1
  - flake8=5.0.4=pyhd8ed1ab_0
  - flit-core=3.7.1=pyhd8ed1ab_0
  - fontconfig=2.14.0=hce3cb01_0
  - freetype=2.12.1=h546665d_0
  - freexl=1.0.6=ha8e266a_0
  - gdal=3.2.1=py39h6795fcd_2
  - geoalchemy2=0.6.3=py_0
  - geopandas=0.8.2=pyhd8ed1ab_0
  - geos=3.8.1=he025d50_0
  - geotiff=1.6.0=h8884d1a_3
  - gettext=0.19.8.1=ha2e2712_1008
  - greenlet=1.1.3=py39h415ef7b_0
  - hdf4=4.2.15=h0e5069d_4
  - hdf5=1.10.6=nompi_h5268f04_1114
  - icu=68.2=h0e60522_0
  - idna=3.3=pyhd8ed1ab_0
  - importlib-metadata=4.11.4=py39hcbf5309_0
  - importlib_metadata=4.11.4=hd8ed1ab_0
  - importlib_resources=5.9.0=pyhd8ed1ab_0
  - intel-openmp=2022.1.0=h57928b3_3787
  - ipykernel=6.15.2=pyh025b116_0
  - ipython=8.4.0=pyh08f2357_1
  - ipython_genutils=0.2.0=py_1
  - jedi=0.18.1=pyhd8ed1ab_2
  - jinja2=3.1.2=pyhd8ed1ab_1
  - jpeg=9e=h8ffe710_2
  - json5=0.9.5=pyh9f0ad1d_0
  - jsonschema=4.15.0=pyhd8ed1ab_0
  - jupyter_client=7.3.5=pyhd8ed1ab_0
  - jupyter_core=4.11.1=py39hcbf5309_0
  - jupyter_server=1.18.1=pyhd8ed1ab_0
  - jupyterlab=3.4.5=pyhd8ed1ab_0
  - jupyterlab_pygments=0.2.2=pyhd8ed1ab_0
  - jupyterlab_server=2.15.1=pyhd8ed1ab_0
  - kealib=1.4.14=h96bfa42_2
  - krb5=1.17.2=hbae68bd_0
  - libblas=3.9.0=16_win64_mkl
  - libcblas=3.9.0=16_win64_mkl
  - libcurl=7.76.1=hf1763fc_1
  - libffi=3.4.2=h8ffe710_5
  - libgdal=3.2.1=h33ab790_2
  - libglib=2.72.1=h3be07f2_0
  - libiconv=1.16=he774522_0
  - libkml=1.3.0=h9859afa_1014
  - liblapack=3.9.0=16_win64_mkl
  - libnetcdf=4.7.4=nompi_h3a9aa94_107
  - libpng=1.6.37=h1d00b33_4
  - libpq=12.3=h4f54205_3
  - librttopo=1.1.0=h6a4060e_4
  - libsodium=1.0.18=h8d14728_1
  - libspatialindex=1.9.3=h39d44d4_4
  - libspatialite=5.0.1=h37d8b57_0
  - libsqlite=3.39.2=h8ffe710_1
  - libssh2=1.10.0=h680486a_3
  - libtiff=4.2.0=h763f289_2
  - libwebp-base=1.2.4=h8ffe710_0
  - libxml2=2.9.14=hf5bbc77_4
  - libxslt=1.1.35=h34f844d_0
  - libzlib=1.2.12=h8ffe710_2
  - lxml=4.9.1=py39hb82d6ee_0
  - lz4-c=1.9.3=h8ffe710_1
  - markupsafe=2.1.1=py39hb82d6ee_1
  - matplotlib-inline=0.1.6=pyhd8ed1ab_0
  - mccabe=0.7.0=pyhd8ed1ab_0
  - mistune=2.0.4=pyhd8ed1ab_0
  - mkl=2022.1.0=h6a75c08_874
  - munch=2.5.0=py_0
  - mypy_extensions=0.4.3=py39hcbf5309_5
  - nbclassic=0.4.3=pyhd8ed1ab_0
  - nbclient=0.6.7=pyhd8ed1ab_0
  - nbconvert=7.0.0=pyhd8ed1ab_0
  - nbconvert-core=7.0.0=pyhd8ed1ab_0
  - nbconvert-pandoc=7.0.0=pyhd8ed1ab_0
  - nbformat=5.4.0=pyhd8ed1ab_0
  - nest-asyncio=1.5.5=pyhd8ed1ab_0
  - notebook=6.4.12=pyha770c72_0
  - notebook-shim=0.1.0=pyhd8ed1ab_0
  - numpy=1.23.2=py39h1a62c8c_0
  - openjpeg=2.4.0=hb211442_1
  - openssl=1.1.1q=h8ffe710_0
  - packaging=21.3=pyhd8ed1ab_0
  - pandas=1.4.4=py39h80a8885_0
  - pandoc=2.19.2=h57928b3_0
  - pandocfilters=1.5.0=pyhd8ed1ab_0
  - parso=0.8.3=pyhd8ed1ab_0
  - pathspec=0.10.0=pyhd8ed1ab_0
  - pcre=8.45=h0e60522_0
  - pickleshare=0.7.5=py_1003
  - pip=22.2.2=pyhd8ed1ab_0
  - pixman=0.40.0=h8ffe710_0
  - pkgutil-resolve-name=1.3.10=pyhd8ed1ab_0
  - platformdirs=2.5.2=pyhd8ed1ab_1
  - poppler=0.89.0=h3772339_5
  - poppler-data=0.4.11=hd8ed1ab_0
  - postgresql=12.3=h0f1a9bc_3
  - proj=7.1.1=h7d85306_3
  - prometheus_client=0.14.1=pyhd8ed1ab_0
  - prompt-toolkit=3.0.30=pyha770c72_0
  - psutil=5.9.1=py39hb82d6ee_0
  - psycopg2=2.8.6=py39h0878f49_1
  - pure_eval=0.2.2=pyhd8ed1ab_0
  - pycodestyle=2.9.1=pyhd8ed1ab_0
  - pycparser=2.21=pyhd8ed1ab_0
  - pyflakes=2.5.0=pyhd8ed1ab_0
  - pygments=2.13.0=pyhd8ed1ab_0
  - pyopenssl=22.0.0=pyhd8ed1ab_0
  - pyparsing=3.0.9=pyhd8ed1ab_0
  - pyproj=2.6.1.post1=py39hd2b018c_3
  - pyrsistent=0.18.1=py39hb82d6ee_1
  - pysocks=1.7.1=pyh0701188_6
  - python=3.9.13=h9a09f29_0_cpython
  - python-dateutil=2.8.2=pyhd8ed1ab_0
  - python-dotenv=0.20.0=pyhd8ed1ab_0
  - python-fastjsonschema=2.16.1=pyhd8ed1ab_0
  - python_abi=3.9=2_cp39
  - pytz=2022.2.1=pyhd8ed1ab_0
  - pywin32=303=py39hb82d6ee_0
  - pywinpty=2.0.7=py39h99910a6_0
  - pyzmq=23.2.1=py39he46f08e_0
  - requests=2.28.1=pyhd8ed1ab_1
  - rtree=1.0.0=py39h09fdee3_1
  - send2trash=1.8.0=pyhd8ed1ab_0
  - setuptools=65.3.0=pyhd8ed1ab_1
  - shapely=1.7.1=py39hadd88af_1
  - six=1.16.0=pyh6c4a22f_0
  - sniffio=1.2.0=py39hcbf5309_3
  - soupsieve=2.3.2.post1=pyhd8ed1ab_0
  - sqlalchemy=1.4.40=py39hb82d6ee_0
  - sqlite=3.39.2=h8ffe710_1
  - stack_data=0.5.0=pyhd8ed1ab_0
  - tbb=2021.5.0=h2d74725_1
  - terminado=0.15.0=py39hcbf5309_0
  - tiledb=2.2.9=hf84e3da_0
  - tinycss2=1.1.1=pyhd8ed1ab_0
  - tk=8.6.12=h8ffe710_0
  - tomli=1.2.2=pyhd8ed1ab_0
  - tornado=6.2=py39hb82d6ee_0
  - traitlets=5.3.0=pyhd8ed1ab_0
  - typed-ast=1.5.4=py39hb82d6ee_0
  - typing_extensions=4.3.0=pyha770c72_0
  - tzdata=2022c=h191b570_0
  - ucrt=10.0.20348.0=h57928b3_0
  - urllib3=1.26.11=pyhd8ed1ab_0
  - vc=14.2=hb210afc_7
  - vs2015_runtime=14.29.30139=h890b9b1_7
  - wcwidth=0.2.5=pyh9f0ad1d_2
  - webencodings=0.5.1=py_1
  - websocket-client=1.4.0=pyhd8ed1ab_0
  - wheel=0.37.1=pyhd8ed1ab_0
  - win_inet_pton=1.1.0=py39hcbf5309_4
  - winpty=0.4.3=4
  - xerces-c=3.2.3=h0e60522_5
  - xlrd=2.0.1=pyhd8ed1ab_3
  - xlsxwriter=3.0.3=pyhd8ed1ab_0
  - xz=5.2.6=h8d14728_0
  - zeromq=4.3.4=h0e60522_1
  - zipp=3.8.1=pyhd8ed1ab_0
  - zlib=1.2.12=h8ffe710_2
  - zstd=1.4.9=h6255e5f_0
  - pip:
      - cachetools==5.2.0
      - google-auth==2.11.0
      - google-auth-oauthlib==0.5.2
      - gspread==5.5.0
      - oauthlib==3.2.0
      - pdfminer-six==20220524
      - pdfplumber==0.7.4
      - pillow==9.2.0
      - pyasn1==0.4.8
      - pyasn1-modules==0.2.8
      - requests-oauthlib==1.3.1
      - rsa==4.9
      - wand==0.6.10
prefix: C:\Users\ISchwarzenberg\Miniconda3\envs\typology-experiments
